
Microsoft Visual Studio Solution File, Format Version 12.00
# Visual Studio 2012
Project("{FAE04EC0-301F-11D3-BF4B-00C04F79EFBC}") = "PrimeNumber", "PrimeNumber\PrimeNumber.csproj", "{A53152E8-A256-4170-AC92-7B3A5A0A1A5A}"
EndProject
Project("{FAE04EC0-301F-11D3-BF4B-00C04F79EFBC}") = "PrimeNumberTests", "PrimeNumberTests\PrimeNumberTests.csproj", "{DA6CBC56-5E60-4C9E-A4B8-AEDB2433A144}"
EndProject
Project("{FAE04EC0-301F-11D3-BF4B-00C04F79EFBC}") = "PrimeNumberService", "PrimeNumberService\PrimeNumberService.csproj", "{9B412B44-F4B8-4441-8BEC-DD13CAFD88FC}"
EndProject
Project("{FAE04EC0-301F-11D3-BF4B-00C04F79EFBC}") = "ConsoleApplication1", "ConsoleApplication1\ConsoleApplication1.csproj", "{33E706DD-1D20-47E5-B4C3-31B5D29419DA}"
EndProject
Global
	GlobalSection(SolutionConfigurationPlatforms) = preSolution
		Debug|Any CPU = Debug|Any CPU
		Release|Any CPU = Release|Any CPU
	EndGlobalSection
	GlobalSection(ProjectConfigurationPlatforms) = postSolution
		{A53152E8-A256-4170-AC92-7B3A5A0A1A5A}.Debug|Any CPU.ActiveCfg = Debug|Any CPU
		{A53152E8-A256-4170-AC92-7B3A5A0A1A5A}.Debug|Any CPU.Build.0 = Debug|Any CPU
		{A53152E8-A256-4170-AC92-7B3A5A0A1A5A}.Release|Any CPU.ActiveCfg = Release|Any CPU
		{A53152E8-A256-4170-AC92-7B3A5A0A1A5A}.Release|Any CPU.Build.0 = Release|Any CPU
		{DA6CBC56-5E60-4C9E-A4B8-AEDB2433A144}.Debug|Any CPU.ActiveCfg = Debug|Any CPU
		{DA6CBC56-5E60-4C9E-A4B8-AEDB2433A144}.Debug|Any CPU.Build.0 = Debug|Any CPU
		{DA6CBC56-5E60-4C9E-A4B8-AEDB2433A144}.Release|Any CPU.ActiveCfg = Release|Any CPU
		{DA6CBC56-5E60-4C9E-A4B8-AEDB2433A144}.Release|Any CPU.Build.0 = Release|Any CPU
		{9B412B44-F4B8-4441-8BEC-DD13CAFD88FC}.Debug|Any CPU.ActiveCfg = Debug|Any CPU
		{9B412B44-F4B8-4441-8BEC-DD13CAFD88FC}.Debug|Any CPU.Build.0 = Debug|Any CPU
		{9B412B44-F4B8-4441-8BEC-DD13CAFD88FC}.Release|Any CPU.ActiveCfg = Release|Any CPU
		{9B412B44-F4B8-4441-8BEC-DD13CAFD88FC}.Release|Any CPU.Build.0 = Release|Any CPU
		{33E706DD-1D20-47E5-B4C3-31B5D29419DA}.Debug|Any CPU.ActiveCfg = Debug|Any CPU
		{33E706DD-1D20-47E5-B4C3-31B5D29419DA}.Debug|Any CPU.Build.0 = Debug|Any CPU
		{33E706DD-1D20-47E5-B4C3-31B5D29419DA}.Release|Any CPU.ActiveCfg = Release|Any CPU
		{33E706DD-1D20-47E5-B4C3-31B5D29419DA}.Release|Any CPU.Build.0 = Release|Any CPU
	EndGlobalSection
	GlobalSection(SolutionProperties) = preSolution
		HideSolutionNode = FALSE
	EndGlobalSection
EndGlobal
